
Microsoft Visual Studio Solution File, Format Version 12.00
# Visual Studio Version 17
VisualStudioVersion = 17.1.32210.238
MinimumVisualStudioVersion = 10.0.40219.1
Project("{FAE04EC0-301F-11D3-BF4B-00C04F79EFBC}") = "CircularImage.UWP", "CircularImage\CircularImage.UWP\CircularImage.UWP.csproj", "{46FD6ED5-A112-4322-9804-DF98EE68C668}"
EndProject
Project("{FAE04EC0-301F-11D3-BF4B-00C04F79EFBC}") = "CircularImage.Android", "CircularImage\CircularImage.Android\CircularImage.Android.csproj", "{7DBAD91F-6CC5-4AE5-88B9-4E56D3C20CD9}"
EndProject
Project("{FAE04EC0-301F-11D3-BF4B-00C04F79EFBC}") = "CircularImage.iOS", "CircularImage\CircularImage.iOS\CircularImage.iOS.csproj", "{AF372E0E-7DEC-4EDF-B665-7C9738286652}"
EndProject
Project("{FAE04EC0-301F-11D3-BF4B-00C04F79EFBC}") = "CircularImage", "CircularImage\CircularImage\CircularImage.csproj", "{11E61667-AA7B-4B10-B28E-338FA554D9A4}"
EndProject
Global
	GlobalSection(SolutionConfigurationPlatforms) = preSolution
		Debug|Any CPU = Debug|Any CPU
		Debug|ARM = Debug|ARM
		Debug|iPhone = Debug|iPhone
		Debug|iPhoneSimulator = Debug|iPhoneSimulator
		Debug|x64 = Debug|x64
		Debug|x86 = Debug|x86
		Release|Any CPU = Release|Any CPU
		Release|ARM = Release|ARM
		Release|iPhone = Release|iPhone
		Release|iPhoneSimulator = Release|iPhoneSimulator
		Release|x64 = Release|x64
		Release|x86 = Release|x86
	EndGlobalSection
	GlobalSection(ProjectConfigurationPlatforms) = postSolution
		{46FD6ED5-A112-4322-9804-DF98EE68C668}.Debug|Any CPU.ActiveCfg = Debug|x64
		{46FD6ED5-A112-4322-9804-DF98EE68C668}.Debug|Any CPU.Build.0 = Debug|x64
		{46FD6ED5-A112-4322-9804-DF98EE68C668}.Debug|Any CPU.Deploy.0 = Debug|x64
		{46FD6ED5-A112-4322-9804-DF98EE68C668}.Debug|ARM.ActiveCfg = Debug|ARM
		{46FD6ED5-A112-4322-9804-DF98EE68C668}.Debug|ARM.Build.0 = Debug|ARM
		{46FD6ED5-A112-4322-9804-DF98EE68C668}.Debug|ARM.Deploy.0 = Debug|ARM
		{46FD6ED5-A112-4322-9804-DF98EE68C668}.Debug|iPhone.ActiveCfg = Debug|x64
		{46FD6ED5-A112-4322-9804-DF98EE68C668}.Debug|iPhone.Build.0 = Debug|x64
		{46FD6ED5-A112-4322-9804-DF98EE68C668}.Debug|iPhone.Deploy.0 = Debug|x64
		{46FD6ED5-A112-4322-9804-DF98EE68C668}.Debug|iPhoneSimulator.ActiveCfg = Debug|x64
		{46FD6ED5-A112-4322-9804-DF98EE68C668}.Debug|iPhoneSimulator.Build.0 = Debug|x64
		{46FD6ED5-A112-4322-9804-DF98EE68C668}.Debug|iPhoneSimulator.Deploy.0 = Debug|x64
		{46FD6ED5-A112-4322-9804-DF98EE68C668}.Debug|x64.ActiveCfg = Debug|x64
		{46FD6ED5-A112-4322-9804-DF98EE68C668}.Debug|x64.Build.0 = Debug|x64
		{46FD6ED5-A112-4322-9804-DF98EE68C668}.Debug|x64.Deploy.0 = Debug|x64
		{46FD6ED5-A112-4322-9804-DF98EE68C668}.Debug|x86.ActiveCfg = Debug|x86
		{46FD6ED5-A112-4322-9804-DF98EE68C668}.Debug|x86.Build.0 = Debug|x86
		{46FD6ED5-A112-4322-9804-DF98EE68C668}.Debug|x86.Deploy.0 = Debug|x86
		{46FD6ED5-A112-4322-9804-DF98EE68C668}.Release|Any CPU.ActiveCfg = Release|x64
		{46FD6ED5-A112-4322-9804-DF98EE68C668}.Release|Any CPU.Build.0 = Release|x64
		{46FD6ED5-A112-4322-9804-DF98EE68C668}.Release|Any CPU.Deploy.0 = Release|x64
		{46FD6ED5-A112-4322-9804-DF98EE68C668}.Release|ARM.ActiveCfg = Release|ARM
		{46FD6ED5-A112-4322-9804-DF98EE68C668}.Release|ARM.Build.0 = Release|ARM
		{46FD6ED5-A112-4322-9804-DF98EE68C668}.Release|ARM.Deploy.0 = Release|ARM
		{46FD6ED5-A112-4322-9804-DF98EE68C668}.Release|iPhone.ActiveCfg = Release|x64
		{46FD6ED5-A112-4322-9804-DF98EE68C668}.Release|iPhone.Build.0 = Release|x64
		{46FD6ED5-A112-4322-9804-DF98EE68C668}.Release|iPhone.Deploy.0 = Release|x64
		{46FD6ED5-A112-4322-9804-DF98EE68C668}.Release|iPhoneSimulator.ActiveCfg = Release|x64
		{46FD6ED5-A112-4322-9804-DF98EE68C668}.Release|iPhoneSimulator.Build.0 = Release|x64
		{46FD6ED5-A112-4322-9804-DF98EE68C668}.Release|iPhoneSimulator.Deploy.0 = Release|x64
		{46FD6ED5-A112-4322-9804-DF98EE68C668}.Release|x64.ActiveCfg = Release|x64
		{46FD6ED5-A112-4322-9804-DF98EE68C668}.Release|x64.Build.0 = Release|x64
		{46FD6ED5-A112-4322-9804-DF98EE68C668}.Release|x64.Deploy.0 = Release|x64
		{46FD6ED5-A112-4322-9804-DF98EE68C668}.Release|x86.ActiveCfg = Release|x86
		{46FD6ED5-A112-4322-9804-DF98EE68C668}.Release|x86.Build.0 = Release|x86
		{46FD6ED5-A112-4322-9804-DF98EE68C668}.Release|x86.Deploy.0 = Release|x86
		{7DBAD91F-6CC5-4AE5-88B9-4E56D3C20CD9}.Debug|Any CPU.ActiveCfg = Debug|Any CPU
		{7DBAD91F-6CC5-4AE5-88B9-4E56D3C20CD9}.Debug|Any CPU.Build.0 = Debug|Any CPU
		{7DBAD91F-6CC5-4AE5-88B9-4E56D3C20CD9}.Debug|Any CPU.Deploy.0 = Debug|Any CPU
		{7DBAD91F-6CC5-4AE5-88B9-4E56D3C20CD9}.Debug|ARM.ActiveCfg = Debug|Any CPU
		{7DBAD91F-6CC5-4AE5-88B9-4E56D3C20CD9}.Debug|ARM.Build.0 = Debug|Any CPU
		{7DBAD91F-6CC5-4AE5-88B9-4E56D3C20CD9}.Debug|ARM.Deploy.0 = Debug|Any CPU
		{7DBAD91F-6CC5-4AE5-88B9-4E56D3C20CD9}.Debug|iPhone.ActiveCfg = Debug|Any CPU
		{7DBAD91F-6CC5-4AE5-88B9-4E56D3C20CD9}.Debug|iPhone.Build.0 = Debug|Any CPU
		{7DBAD91F-6CC5-4AE5-88B9-4E56D3C20CD9}.Debug|iPhone.Deploy.0 = Debug|Any CPU
		{7DBAD91F-6CC5-4AE5-88B9-4E56D3C20CD9}.Debug|iPhoneSimulator.ActiveCfg = Debug|Any CPU
		{7DBAD91F-6CC5-4AE5-88B9-4E56D3C20CD9}.Debug|iPhoneSimulator.Build.0 = Debug|Any CPU
		{7DBAD91F-6CC5-4AE5-88B9-4E56D3C20CD9}.Debug|iPhoneSimulator.Deploy.0 = Debug|Any CPU
		{7DBAD91F-6CC5-4AE5-88B9-4E56D3C20CD9}.Debug|x64.ActiveCfg = Debug|Any CPU
		{7DBAD91F-6CC5-4AE5-88B9-4E56D3C20CD9}.Debug|x64.Build.0 = Debug|Any CPU
		{7DBAD91F-6CC5-4AE5-88B9-4E56D3C20CD9}.Debug|x64.Deploy.0 = Debug|Any CPU
		{7DBAD91F-6CC5-4AE5-88B9-4E56D3C20CD9}.Debug|x86.ActiveCfg = Debug|Any CPU
		{7DBAD91F-6CC5-4AE5-88B9-4E56D3C20CD9}.Debug|x86.Build.0 = Debug|Any CPU
		{7DBAD91F-6CC5-4AE5-88B9-4E56D3C20CD9}.Debug|x86.Deploy.0 = Debug|Any CPU
		{7DBAD91F-6CC5-4AE5-88B9-4E56D3C20CD9}.Release|Any CPU.ActiveCfg = Release|Any CPU
		{7DBAD91F-6CC5-4AE5-88B9-4E56D3C20CD9}.Release|Any CPU.Build.0 = Release|Any CPU
		{7DBAD91F-6CC5-4AE5-88B9-4E56D3C20CD9}.Release|Any CPU.Deploy.0 = Release|Any CPU
		{7DBAD91F-6CC5-4AE5-88B9-4E56D3C20CD9}.Release|ARM.ActiveCfg = Release|Any CPU
		{7DBAD91F-6CC5-4AE5-88B9-4E56D3C20CD9}.Release|ARM.Build.0 = Release|Any CPU
		{7DBAD91F-6CC5-4AE5-88B9-4E56D3C20CD9}.Release|ARM.Deploy.0 = Release|Any CPU
		{7DBAD91F-6CC5-4AE5-88B9-4E56D3C20CD9}.Release|iPhone.ActiveCfg = Release|Any CPU
		{7DBAD91F-6CC5-4AE5-88B9-4E56D3C20CD9}.Release|iPhone.Build.0 = Release|Any CPU
		{7DBAD91F-6CC5-4AE5-88B9-4E56D3C20CD9}.Release|iPhone.Deploy.0 = Release|Any CPU
		{7DBAD91F-6CC5-4AE5-88B9-4E56D3C20CD9}.Release|iPhoneSimulator.ActiveCfg = Release|Any CPU
		{7DBAD91F-6CC5-4AE5-88B9-4E56D3C20CD9}.Release|iPhoneSimulator.Build.0 = Release|Any CPU
		{7DBAD91F-6CC5-4AE5-88B9-4E56D3C20CD9}.Release|iPhoneSimulator.Deploy.0 = Release|Any CPU
		{7DBAD91F-6CC5-4AE5-88B9-4E56D3C20CD9}.Release|x64.ActiveCfg = Release|Any CPU
		{7DBAD91F-6CC5-4AE5-88B9-4E56D3C20CD9}.Release|x64.Build.0 = Release|Any CPU
		{7DBAD91F-6CC5-4AE5-88B9-4E56D3C20CD9}.Release|x64.Deploy.0 = Release|Any CPU
		{7DBAD91F-6CC5-4AE5-88B9-4E56D3C20CD9}.Release|x86.ActiveCfg = Release|Any CPU
		{7DBAD91F-6CC5-4AE5-88B9-4E56D3C20CD9}.Release|x86.Build.0 = Release|Any CPU
		{7DBAD91F-6CC5-4AE5-88B9-4E56D3C20CD9}.Release|x86.Deploy.0 = Release|Any CPU
		{AF372E0E-7DEC-4EDF-B665-7C9738286652}.Debug|Any CPU.ActiveCfg = Debug|iPhoneSimulator
		{AF372E0E-7DEC-4EDF-B665-7C9738286652}.Debug|Any CPU.Build.0 = Debug|iPhoneSimulator
		{AF372E0E-7DEC-4EDF-B665-7C9738286652}.Debug|Any CPU.Deploy.0 = Debug|iPhoneSimulator
		{AF372E0E-7DEC-4EDF-B665-7C9738286652}.Debug|ARM.ActiveCfg = Debug|iPhoneSimulator
		{AF372E0E-7DEC-4EDF-B665-7C9738286652}.Debug|ARM.Build.0 = Debug|iPhoneSimulator
		{AF372E0E-7DEC-4EDF-B665-7C9738286652}.Debug|ARM.Deploy.0 = Debug|iPhoneSimulator
		{AF372E0E-7DEC-4EDF-B665-7C9738286652}.Debug|iPhone.ActiveCfg = Debug|iPhone
		{AF372E0E-7DEC-4EDF-B665-7C9738286652}.Debug|iPhone.Build.0 = Debug|iPhone
		{AF372E0E-7DEC-4EDF-B665-7C9738286652}.Debug|iPhone.Deploy.0 = Debug|iPhone
		{AF372E0E-7DEC-4EDF-B665-7C9738286652}.Debug|iPhoneSimulator.ActiveCfg = Debug|iPhoneSimulator
		{AF372E0E-7DEC-4EDF-B665-7C9738286652}.Debug|iPhoneSimulator.Build.0 = Debug|iPhoneSimulator
		{AF372E0E-7DEC-4EDF-B665-7C9738286652}.Debug|iPhoneSimulator.Deploy.0 = Debug|iPhoneSimulator
		{AF372E0E-7DEC-4EDF-B665-7C9738286652}.Debug|x64.ActiveCfg = Debug|iPhone
		{AF372E0E-7DEC-4EDF-B665-7C9738286652}.Debug|x64.Build.0 = Debug|iPhone
		{AF372E0E-7DEC-4EDF-B665-7C9738286652}.Debug|x64.Deploy.0 = Debug|iPhone
		{AF372E0E-7DEC-4EDF-B665-7C9738286652}.Debug|x86.ActiveCfg = Debug|iPhoneSimulator
		{AF372E0E-7DEC-4EDF-B665-7C9738286652}.Debug|x86.Build.0 = Debug|iPhoneSimulator
		{AF372E0E-7DEC-4EDF-B665-7C9738286652}.Debug|x86.Deploy.0 = Debug|iPhoneSimulator
		{AF372E0E-7DEC-4EDF-B665-7C9738286652}.Release|Any CPU.ActiveCfg = Release|iPhoneSimulator
		{AF372E0E-7DEC-4EDF-B665-7C9738286652}.Release|Any CPU.Build.0 = Release|iPhoneSimulator
		{AF372E0E-7DEC-4EDF-B665-7C9738286652}.Release|Any CPU.Deploy.0 = Release|iPhoneSimulator
		{AF372E0E-7DEC-4EDF-B665-7C9738286652}.Release|ARM.ActiveCfg = Release|iPhoneSimulator
		{AF372E0E-7DEC-4EDF-B665-7C9738286652}.Release|ARM.Build.0 = Release|iPhoneSimulator
		{AF372E0E-7DEC-4EDF-B665-7C9738286652}.Release|ARM.Deploy.0 = Release|iPhoneSimulator
		{AF372E0E-7DEC-4EDF-B665-7C9738286652}.Release|iPhone.ActiveCfg = Release|iPhone
		{AF372E0E-7DEC-4EDF-B665-7C9738286652}.Release|iPhone.Build.0 = Release|iPhone
		{AF372E0E-7DEC-4EDF-B665-7C9738286652}.Release|iPhone.Deploy.0 = Release|iPhone
		{AF372E0E-7DEC-4EDF-B665-7C9738286652}.Release|iPhoneSimulator.ActiveCfg = Release|iPhoneSimulator
		{AF372E0E-7DEC-4EDF-B665-7C9738286652}.Release|iPhoneSimulator.Build.0 = Release|iPhoneSimulator
		{AF372E0E-7DEC-4EDF-B665-7C9738286652}.Release|iPhoneSimulator.Deploy.0 = Release|iPhoneSimulator
		{AF372E0E-7DEC-4EDF-B665-7C9738286652}.Release|x64.ActiveCfg = Release|iPhoneSimulator
		{AF372E0E-7DEC-4EDF-B665-7C9738286652}.Release|x64.Build.0 = Release|iPhoneSimulator
		{AF372E0E-7DEC-4EDF-B665-7C9738286652}.Release|x64.Deploy.0 = Release|iPhoneSimulator
		{AF372E0E-7DEC-4EDF-B665-7C9738286652}.Release|x86.ActiveCfg = Release|iPhoneSimulator
		{AF372E0E-7DEC-4EDF-B665-7C9738286652}.Release|x86.Build.0 = Release|iPhoneSimulator
		{AF372E0E-7DEC-4EDF-B665-7C9738286652}.Release|x86.Deploy.0 = Release|iPhoneSimulator
		{11E61667-AA7B-4B10-B28E-338FA554D9A4}.Debug|Any CPU.ActiveCfg = Debug|Any CPU
		{11E61667-AA7B-4B10-B28E-338FA554D9A4}.Debug|Any CPU.Build.0 = Debug|Any CPU
		{11E61667-AA7B-4B10-B28E-338FA554D9A4}.Debug|Any CPU.Deploy.0 = Debug|Any CPU
		{11E61667-AA7B-4B10-B28E-338FA554D9A4}.Debug|ARM.ActiveCfg = Debug|Any CPU
		{11E61667-AA7B-4B10-B28E-338FA554D9A4}.Debug|ARM.Build.0 = Debug|Any CPU
		{11E61667-AA7B-4B10-B28E-338FA554D9A4}.Debug|ARM.Deploy.0 = Debug|Any CPU
		{11E61667-AA7B-4B10-B28E-338FA554D9A4}.Debug|iPhone.ActiveCfg = Debug|Any CPU
		{11E61667-AA7B-4B10-B28E-338FA554D9A4}.Debug|iPhone.Build.0 = Debug|Any CPU
		{11E61667-AA7B-4B10-B28E-338FA554D9A4}.Debug|iPhone.Deploy.0 = Debug|Any CPU
		{11E61667-AA7B-4B10-B28E-338FA554D9A4}.Debug|iPhoneSimulator.ActiveCfg = Debug|Any CPU
		{11E61667-AA7B-4B10-B28E-338FA554D9A4}.Debug|iPhoneSimulator.Build.0 = Debug|Any CPU
		{11E61667-AA7B-4B10-B28E-338FA554D9A4}.Debug|iPhoneSimulator.Deploy.0 = Debug|Any CPU
		{11E61667-AA7B-4B10-B28E-338FA554D9A4}.Debug|x64.ActiveCfg = Debug|Any CPU
		{11E61667-AA7B-4B10-B28E-338FA554D9A4}.Debug|x64.Build.0 = Debug|Any CPU
		{11E61667-AA7B-4B10-B28E-338FA554D9A4}.Debug|x64.Deploy.0 = Debug|Any CPU
		{11E61667-AA7B-4B10-B28E-338FA554D9A4}.Debug|x86.ActiveCfg = Debug|Any CPU
		{11E61667-AA7B-4B10-B28E-338FA554D9A4}.Debug|x86.Build.0 = Debug|Any CPU
		{11E61667-AA7B-4B10-B28E-338FA554D9A4}.Debug|x86.Deploy.0 = Debug|Any CPU
		{11E61667-AA7B-4B10-B28E-338FA554D9A4}.Release|Any CPU.ActiveCfg = Release|Any CPU
		{11E61667-AA7B-4B10-B28E-338FA554D9A4}.Release|Any CPU.Build.0 = Release|Any CPU
		{11E61667-AA7B-4B10-B28E-338FA554D9A4}.Release|Any CPU.Deploy.0 = Release|Any CPU
		{11E61667-AA7B-4B10-B28E-338FA554D9A4}.Release|ARM.ActiveCfg = Release|Any CPU
		{11E61667-AA7B-4B10-B28E-338FA554D9A4}.Release|ARM.Build.0 = Release|Any CPU
		{11E61667-AA7B-4B10-B28E-338FA554D9A4}.Release|ARM.Deploy.0 = Release|Any CPU
		{11E61667-AA7B-4B10-B28E-338FA554D9A4}.Release|iPhone.ActiveCfg = Release|Any CPU
		{11E61667-AA7B-4B10-B28E-338FA554D9A4}.Release|iPhone.Build.0 = Release|Any CPU
		{11E61667-AA7B-4B10-B28E-338FA554D9A4}.Release|iPhone.Deploy.0 = Release|Any CPU
		{11E61667-AA7B-4B10-B28E-338FA554D9A4}.Release|iPhoneSimulator.ActiveCfg = Release|Any CPU
		{11E61667-AA7B-4B10-B28E-338FA554D9A4}.Release|iPhoneSimulator.Build.0 = Release|Any CPU
		{11E61667-AA7B-4B10-B28E-338FA554D9A4}.Release|iPhoneSimulator.Deploy.0 = Release|Any CPU
		{11E61667-AA7B-4B10-B28E-338FA554D9A4}.Release|x64.ActiveCfg = Release|Any CPU
		{11E61667-AA7B-4B10-B28E-338FA554D9A4}.Release|x64.Build.0 = Release|Any CPU
		{11E61667-AA7B-4B10-B28E-338FA554D9A4}.Release|x64.Deploy.0 = Release|Any CPU
		{11E61667-AA7B-4B10-B28E-338FA554D9A4}.Release|x86.ActiveCfg = Release|Any CPU
		{11E61667-AA7B-4B10-B28E-338FA554D9A4}.Release|x86.Build.0 = Release|Any CPU
		{11E61667-AA7B-4B10-B28E-338FA554D9A4}.Release|x86.Deploy.0 = Release|Any CPU
	EndGlobalSection
	GlobalSection(SolutionProperties) = preSolution
		HideSolutionNode = FALSE
	EndGlobalSection
	GlobalSection(ExtensibilityGlobals) = postSolution
		SolutionGuid = {2C82E44C-D5F8-4C7E-B136-8916BB4D2B41}
	EndGlobalSection
EndGlobal
